
Microsoft Visual Studio Solution File, Format Version 12.00
# Visual Studio Version 16
VisualStudioVersion = 16.0.30717.126
MinimumVisualStudioVersion = 15.0.26124.0
Project("{9A19103F-16F7-4668-BE54-9A1E7A4F7556}") = "DapperHeroes.UI", "DapperHeroes.UI\DapperHeroes.UI.csproj", "{A1C02A0A-C713-4759-A6BA-A01B3C8D2A5D}"
EndProject
Project("{9A19103F-16F7-4668-BE54-9A1E7A4F7556}") = "DapperHeroes.Contracts", "DapperHeroes.Contracts\DapperHeroes.Contracts.csproj", "{300FA106-CAC7-4049-A179-EF3FD80020EA}"
EndProject
Project("{9A19103F-16F7-4668-BE54-9A1E7A4F7556}") = "DapperHeroes.Core", "DapperHeroes.Core\DapperHeroes.Core.csproj", "{3B804A9E-C207-42F8-BF0E-77AE796A4CAA}"
EndProject
Global
	GlobalSection(SolutionConfigurationPlatforms) = preSolution
		Debug|Any CPU = Debug|Any CPU
		Debug|x64 = Debug|x64
		Debug|x86 = Debug|x86
		Release|Any CPU = Release|Any CPU
		Release|x64 = Release|x64
		Release|x86 = Release|x86
	EndGlobalSection
	GlobalSection(ProjectConfigurationPlatforms) = postSolution
		{A1C02A0A-C713-4759-A6BA-A01B3C8D2A5D}.Debug|Any CPU.ActiveCfg = Debug|Any CPU
		{A1C02A0A-C713-4759-A6BA-A01B3C8D2A5D}.Debug|Any CPU.Build.0 = Debug|Any CPU
		{A1C02A0A-C713-4759-A6BA-A01B3C8D2A5D}.Debug|x64.ActiveCfg = Debug|Any CPU
		{A1C02A0A-C713-4759-A6BA-A01B3C8D2A5D}.Debug|x64.Build.0 = Debug|Any CPU
		{A1C02A0A-C713-4759-A6BA-A01B3C8D2A5D}.Debug|x86.ActiveCfg = Debug|Any CPU
		{A1C02A0A-C713-4759-A6BA-A01B3C8D2A5D}.Debug|x86.Build.0 = Debug|Any CPU
		{A1C02A0A-C713-4759-A6BA-A01B3C8D2A5D}.Release|Any CPU.ActiveCfg = Release|Any CPU
		{A1C02A0A-C713-4759-A6BA-A01B3C8D2A5D}.Release|Any CPU.Build.0 = Release|Any CPU
		{A1C02A0A-C713-4759-A6BA-A01B3C8D2A5D}.Release|x64.ActiveCfg = Release|Any CPU
		{A1C02A0A-C713-4759-A6BA-A01B3C8D2A5D}.Release|x64.Build.0 = Release|Any CPU
		{A1C02A0A-C713-4759-A6BA-A01B3C8D2A5D}.Release|x86.ActiveCfg = Release|Any CPU
		{A1C02A0A-C713-4759-A6BA-A01B3C8D2A5D}.Release|x86.Build.0 = Release|Any CPU
		{300FA106-CAC7-4049-A179-EF3FD80020EA}.Debug|Any CPU.ActiveCfg = Debug|Any CPU
		{300FA106-CAC7-4049-A179-EF3FD80020EA}.Debug|Any CPU.Build.0 = Debug|Any CPU
		{300FA106-CAC7-4049-A179-EF3FD80020EA}.Debug|x64.ActiveCfg = Debug|Any CPU
		{300FA106-CAC7-4049-A179-EF3FD80020EA}.Debug|x64.Build.0 = Debug|Any CPU
		{300FA106-CAC7-4049-A179-EF3FD80020EA}.Debug|x86.ActiveCfg = Debug|Any CPU
		{300FA106-CAC7-4049-A179-EF3FD80020EA}.Debug|x86.Build.0 = Debug|Any CPU
		{300FA106-CAC7-4049-A179-EF3FD80020EA}.Release|Any CPU.ActiveCfg = Release|Any CPU
		{300FA106-CAC7-4049-A179-EF3FD80020EA}.Release|Any CPU.Build.0 = Release|Any CPU
		{300FA106-CAC7-4049-A179-EF3FD80020EA}.Release|x64.ActiveCfg = Release|Any CPU
		{300FA106-CAC7-4049-A179-EF3FD80020EA}.Release|x64.Build.0 = Release|Any CPU
		{300FA106-CAC7-4049-A179-EF3FD80020EA}.Release|x86.ActiveCfg = Release|Any CPU
		{300FA106-CAC7-4049-A179-EF3FD80020EA}.Release|x86.Build.0 = Release|Any CPU
		{3B804A9E-C207-42F8-BF0E-77AE796A4CAA}.Debug|Any CPU.ActiveCfg = Debug|Any CPU
		{3B804A9E-C207-42F8-BF0E-77AE796A4CAA}.Debug|Any CPU.Build.0 = Debug|Any CPU
		{3B804A9E-C207-42F8-BF0E-77AE796A4CAA}.Debug|x64.ActiveCfg = Debug|Any CPU
		{3B804A9E-C207-42F8-BF0E-77AE796A4CAA}.Debug|x64.Build.0 = Debug|Any CPU
		{3B804A9E-C207-42F8-BF0E-77AE796A4CAA}.Debug|x86.ActiveCfg = Debug|Any CPU
		{3B804A9E-C207-42F8-BF0E-77AE796A4CAA}.Debug|x86.Build.0 = Debug|Any CPU
		{3B804A9E-C207-42F8-BF0E-77AE796A4CAA}.Release|Any CPU.ActiveCfg = Release|Any CPU
		{3B804A9E-C207-42F8-BF0E-77AE796A4CAA}.Release|Any CPU.Build.0 = Release|Any CPU
		{3B804A9E-C207-42F8-BF0E-77AE796A4CAA}.Release|x64.ActiveCfg = Release|Any CPU
		{3B804A9E-C207-42F8-BF0E-77AE796A4CAA}.Release|x64.Build.0 = Release|Any CPU
		{3B804A9E-C207-42F8-BF0E-77AE796A4CAA}.Release|x86.ActiveCfg = Release|Any CPU
		{3B804A9E-C207-42F8-BF0E-77AE796A4CAA}.Release|x86.Build.0 = Release|Any CPU
	EndGlobalSection
	GlobalSection(SolutionProperties) = preSolution
		HideSolutionNode = FALSE
	EndGlobalSection
	GlobalSection(ExtensibilityGlobals) = postSolution
		SolutionGuid = {09473599-138E-4094-9E6D-2AC00986C999}
	EndGlobalSection
EndGlobal
